
Microsoft Visual Studio Solution File, Format Version 12.00
# Visual Studio Version 16
VisualStudioVersion = 16.0.30804.86
MinimumVisualStudioVersion = 10.0.40219.1
Project("{9A19103F-16F7-4668-BE54-9A1E7A4F7556}") = "HomeSearchAPI", "HomeSearchAPI\HomeSearchAPI.csproj", "{2BFD3F70-86C5-40D4-8AC2-42CC0FD2F547}"
EndProject
Project("{FAE04EC0-301F-11D3-BF4B-00C04F79EFBC}") = "HomeSearchTesting", "HomeSearchTesting\HomeSearchTesting.csproj", "{F775DD37-5F52-4C2F-BBB1-1685827F28EF}"
EndProject
Global
	GlobalSection(SolutionConfigurationPlatforms) = preSolution
		Debug|Any CPU = Debug|Any CPU
		Release|Any CPU = Release|Any CPU
	EndGlobalSection
	GlobalSection(ProjectConfigurationPlatforms) = postSolution
		{2BFD3F70-86C5-40D4-8AC2-42CC0FD2F547}.Debug|Any CPU.ActiveCfg = Debug|Any CPU
		{2BFD3F70-86C5-40D4-8AC2-42CC0FD2F547}.Debug|Any CPU.Build.0 = Debug|Any CPU
		{2BFD3F70-86C5-40D4-8AC2-42CC0FD2F547}.Release|Any CPU.ActiveCfg = Release|Any CPU
		{2BFD3F70-86C5-40D4-8AC2-42CC0FD2F547}.Release|Any CPU.Build.0 = Release|Any CPU
		{F775DD37-5F52-4C2F-BBB1-1685827F28EF}.Debug|Any CPU.ActiveCfg = Debug|Any CPU
		{F775DD37-5F52-4C2F-BBB1-1685827F28EF}.Debug|Any CPU.Build.0 = Debug|Any CPU
		{F775DD37-5F52-4C2F-BBB1-1685827F28EF}.Release|Any CPU.ActiveCfg = Release|Any CPU
		{F775DD37-5F52-4C2F-BBB1-1685827F28EF}.Release|Any CPU.Build.0 = Release|Any CPU
	EndGlobalSection
	GlobalSection(SolutionProperties) = preSolution
		HideSolutionNode = FALSE
	EndGlobalSection
	GlobalSection(ExtensibilityGlobals) = postSolution
		SolutionGuid = {FFFD283F-ECEE-4833-A071-6026D9AC3D24}
	EndGlobalSection
EndGlobal
